
Microsoft Visual Studio Solution File, Format Version 12.00
# Visual Studio 15
VisualStudioVersion = 15.0.28307.1259
MinimumVisualStudioVersion = 10.0.40219.1
Project("{888888A0-9F3D-457C-B088-3A5042F75D52}") = "disc_sims", "disc_sims.pyproj", "{F6FBFCDA-1DAD-4B0F-8BD1-38C1A85D5C0D}"
EndProject
Global
	GlobalSection(SolutionConfigurationPlatforms) = preSolution
		Debug|Any CPU = Debug|Any CPU
		Release|Any CPU = Release|Any CPU
	EndGlobalSection
	GlobalSection(ProjectConfigurationPlatforms) = postSolution
		{F6FBFCDA-1DAD-4B0F-8BD1-38C1A85D5C0D}.Debug|Any CPU.ActiveCfg = Debug|Any CPU
		{F6FBFCDA-1DAD-4B0F-8BD1-38C1A85D5C0D}.Release|Any CPU.ActiveCfg = Release|Any CPU
	EndGlobalSection
	GlobalSection(SolutionProperties) = preSolution
		HideSolutionNode = FALSE
	EndGlobalSection
	GlobalSection(ExtensibilityGlobals) = postSolution
		SolutionGuid = {F3D41F54-7603-491F-BF2A-19A7D1869ED0}
	EndGlobalSection
EndGlobal
